
Microsoft Visual Studio Solution File, Format Version 11.00
# Visual Studio 2010
Project("{FAE04EC0-301F-11D3-BF4B-00C04F79EFBC}") = "PokerClient", "PokerClient\PokerClient.csproj", "{96A20C3B-3230-4F15-8AA3-955405D50255}"
EndProject
Project("{FAE04EC0-301F-11D3-BF4B-00C04F79EFBC}") = "Core", "..\PokerServer\Core\Core.csproj", "{E3C4D45A-20BB-43A6-9C87-A3E371EF7A04}"
EndProject
Global
	GlobalSection(SolutionConfigurationPlatforms) = preSolution
		Debug|Any CPU = Debug|Any CPU
		Debug|Mixed Platforms = Debug|Mixed Platforms
		Debug|x86 = Debug|x86
		Release|Any CPU = Release|Any CPU
		Release|Mixed Platforms = Release|Mixed Platforms
		Release|x86 = Release|x86
	EndGlobalSection
	GlobalSection(ProjectConfigurationPlatforms) = postSolution
		{96A20C3B-3230-4F15-8AA3-955405D50255}.Debug|Any CPU.ActiveCfg = Debug|x86
		{96A20C3B-3230-4F15-8AA3-955405D50255}.Debug|Mixed Platforms.ActiveCfg = Debug|x86
		{96A20C3B-3230-4F15-8AA3-955405D50255}.Debug|Mixed Platforms.Build.0 = Debug|x86
		{96A20C3B-3230-4F15-8AA3-955405D50255}.Debug|x86.ActiveCfg = Debug|x86
		{96A20C3B-3230-4F15-8AA3-955405D50255}.Debug|x86.Build.0 = Debug|x86
		{96A20C3B-3230-4F15-8AA3-955405D50255}.Release|Any CPU.ActiveCfg = Release|x86
		{96A20C3B-3230-4F15-8AA3-955405D50255}.Release|Mixed Platforms.ActiveCfg = Release|x86
		{96A20C3B-3230-4F15-8AA3-955405D50255}.Release|Mixed Platforms.Build.0 = Release|x86
		{96A20C3B-3230-4F15-8AA3-955405D50255}.Release|x86.ActiveCfg = Release|x86
		{96A20C3B-3230-4F15-8AA3-955405D50255}.Release|x86.Build.0 = Release|x86
		{E3C4D45A-20BB-43A6-9C87-A3E371EF7A04}.Debug|Any CPU.ActiveCfg = Debug|Any CPU
		{E3C4D45A-20BB-43A6-9C87-A3E371EF7A04}.Debug|Any CPU.Build.0 = Debug|Any CPU
		{E3C4D45A-20BB-43A6-9C87-A3E371EF7A04}.Debug|Mixed Platforms.ActiveCfg = Debug|Any CPU
		{E3C4D45A-20BB-43A6-9C87-A3E371EF7A04}.Debug|Mixed Platforms.Build.0 = Debug|Any CPU
		{E3C4D45A-20BB-43A6-9C87-A3E371EF7A04}.Debug|x86.ActiveCfg = Debug|Any CPU
		{E3C4D45A-20BB-43A6-9C87-A3E371EF7A04}.Release|Any CPU.ActiveCfg = Release|Any CPU
		{E3C4D45A-20BB-43A6-9C87-A3E371EF7A04}.Release|Any CPU.Build.0 = Release|Any CPU
		{E3C4D45A-20BB-43A6-9C87-A3E371EF7A04}.Release|Mixed Platforms.ActiveCfg = Release|Any CPU
		{E3C4D45A-20BB-43A6-9C87-A3E371EF7A04}.Release|Mixed Platforms.Build.0 = Release|Any CPU
		{E3C4D45A-20BB-43A6-9C87-A3E371EF7A04}.Release|x86.ActiveCfg = Release|Any CPU
	EndGlobalSection
	GlobalSection(SolutionProperties) = preSolution
		HideSolutionNode = FALSE
	EndGlobalSection
EndGlobal
